PODS:
  - Agrume (2.5.1)
  - Bolts/Tasks (1.7.0)
  - BRYXBanner (0.5.2):
    - BRYXBanner/Core (= 0.5.2)
  - BRYXBanner/Core (0.5.2)
  - Former (1.3.0)
  - JSQMessagesViewController (7.3.3):
    - JSQSystemSoundPlayer (~> 2.0.1)
  - JSQSystemSoundPlayer (2.0.1)
  - Parse (1.13.0):
    - Bolts/Tasks (~> 1.6)
  - ParseUI (1.2.0):
    - Bolts/Tasks (~> 1.3)
    - Parse (~> 1.9)

DEPENDENCIES:
  - Agrume
  - BRYXBanner
  - Former
  - JSQMessagesViewController
  - Parse
  - ParseUI

SPEC CHECKSUMS:
  Agrume: eed36c0baa2caad5953030ca46522c6b876c4e45
  Bolts: a0058fa3b331c5a1e4402d534f2dae36dbff31e4
  BRYXBanner: 5f0911d52e0a77e088f7ea7ddcdebd02afb7828a
  Former: 7380ef3b9bdb3bf43d9f0fe99e369987d3068705
  JSQMessagesViewController: 0ee3f80237268192a3e8337fd0d787f1a1bf5a7a
  JSQSystemSoundPlayer: c5850e77a4363ffd374cd851154b9af93264ed8d
  Parse: f51c24d2feb412e4b2d6cc73d37cb24e8d0089bc
  ParseUI: af2eba584799da4a9fbdac0e178662d7438b502e

COCOAPODS: 0.39.0
